# THIS IS AN AUTOGENERATED FILE. DO NOT EDIT THIS FILE DIRECTLY.
# yarn lockfile v1


"@redis/bloom@1.0.2":
  "integrity" "sha512-EBw7Ag1hPgFzdznK2PBblc1kdlj5B5Cw3XwI9/oG7tSn85/HKy3X9xHy/8tm/eNXJYHLXHJL/pkwBpFMVVefkw=="
  "resolved" "https://registry.npmjs.org/@redis/bloom/-/bloom-1.0.2.tgz"
  "version" "1.0.2"

"@redis/client@^1.0.0", "@redis/client@1.1.0":
  "integrity" "sha512-xO9JDIgzsZYDl3EvFhl6LC52DP3q3GCMUer8zHgKV6qSYsq1zB+pZs9+T80VgcRogrlRYhi4ZlfX6A+bHiBAgA=="
  "resolved" "https://registry.npmjs.org/@redis/client/-/client-1.1.0.tgz"
  "version" "1.1.0"
  dependencies:
    "cluster-key-slot" "1.1.0"
    "generic-pool" "3.8.2"
    "yallist" "4.0.0"

"@redis/graph@1.0.1":
  "integrity" "sha512-oDE4myMCJOCVKYMygEMWuriBgqlS5FqdWerikMoJxzmmTUErnTRRgmIDa2VcgytACZMFqpAOWDzops4DOlnkfQ=="
  "resolved" "https://registry.npmjs.org/@redis/graph/-/graph-1.0.1.tgz"
  "version" "1.0.1"

"@redis/json@1.0.3":
  "integrity" "sha512-4X0Qv0BzD9Zlb0edkUoau5c1bInWSICqXAGrpwEltkncUwcxJIGEcVryZhLgb0p/3PkKaLIWkjhHRtLe9yiA7Q=="
  "resolved" "https://registry.npmjs.org/@redis/json/-/json-1.0.3.tgz"
  "version" "1.0.3"

"@redis/search@1.0.6":
  "integrity" "sha512-pP+ZQRis5P21SD6fjyCeLcQdps+LuTzp2wdUbzxEmNhleighDDTD5ck8+cYof+WLec4csZX7ks+BuoMw0RaZrA=="
  "resolved" "https://registry.npmjs.org/@redis/search/-/search-1.0.6.tgz"
  "version" "1.0.6"

"@redis/time-series@1.0.3":
  "integrity" "sha512-OFp0q4SGrTH0Mruf6oFsHGea58u8vS/iI5+NpYdicaM+7BgqBZH8FFvNZ8rYYLrUO/QRqMq72NpXmxLVNcdmjA=="
  "resolved" "https://registry.npmjs.org/@redis/time-series/-/time-series-1.0.3.tgz"
  "version" "1.0.3"

"animate.css@^4.1.1":
  "integrity" "sha512-+mRmCTv6SbCmtYJCN4faJMNFVNN5EuCTTprDTAo7YzIGji2KADmakjVA3+8mVDkZ2Bf09vayB35lSQIex2+QaQ=="
  "resolved" "https://registry.npmjs.org/animate.css/-/animate.css-4.1.1.tgz"
  "version" "4.1.1"

"cluster-key-slot@1.1.0":
  "integrity" "sha512-2Nii8p3RwAPiFwsnZvukotvow2rIHM+yQ6ZcBXGHdniadkYGZYiGmkHJIbZPIV9nfv7m/U1IPMVVcAhoWFeklw=="
  "resolved" "https://registry.npmjs.org/cluster-key-slot/-/cluster-key-slot-1.1.0.tgz"
  "version" "1.1.0"

"express-validator@^6.14.0":
  "integrity" "sha512-ZWHJfnRgePp3FKRSKMtnZVnD1s8ZchWD+jSl7UMseGIqhweCo1Z9916/xXBbJAa6PrA3pUZfkOvIsHZG4ZtIMw=="
  "resolved" "https://registry.npmjs.org/express-validator/-/express-validator-6.14.0.tgz"
  "version" "6.14.0"
  dependencies:
    "lodash" "^4.17.21"
    "validator" "^13.7.0"

"generic-pool@3.8.2":
  "integrity" "sha512-nGToKy6p3PAbYQ7p1UlWl6vSPwfwU6TMSWK7TTu+WUY4ZjyZQGniGGt2oNVvyNSpyZYSB43zMXVLcBm08MTMkg=="
  "resolved" "https://registry.npmjs.org/generic-pool/-/generic-pool-3.8.2.tgz"
  "version" "3.8.2"

"lodash@^4.17.21":
  "integrity" "sha512-v2kDEe57lecTulaDIuNTPy3Ry4gLGJ6Z1O3vE1krgXZNrsQ+LFTGHVxVjcXPs17LhbZVGedAJv8XZ1tvj5FvSg=="
  "resolved" "https://registry.npmjs.org/lodash/-/lodash-4.17.21.tgz"
  "version" "4.17.21"

"redis@^4.1.0":
  "integrity" "sha512-5hvJ8wbzpCCiuN1ges6tx2SAh2XXCY0ayresBmu40/SGusWHFW86TAlIPpbimMX2DFHOX7RN34G2XlPA1Z43zg=="
  "resolved" "https://registry.npmjs.org/redis/-/redis-4.1.0.tgz"
  "version" "4.1.0"
  dependencies:
    "@redis/bloom" "1.0.2"
    "@redis/client" "1.1.0"
    "@redis/graph" "1.0.1"
    "@redis/json" "1.0.3"
    "@redis/search" "1.0.6"
    "@redis/time-series" "1.0.3"

"validator@^13.7.0":
  "integrity" "sha512-nYXQLCBkpJ8X6ltALua9dRrZDHVYxjJ1wgskNt1lH9fzGjs3tgojGSCBjmEPwkWS1y29+DrizMTW19Pr9uB2nw=="
  "resolved" "https://registry.npmjs.org/validator/-/validator-13.7.0.tgz"
  "version" "13.7.0"

"yallist@4.0.0":
  "integrity" "sha512-3wdGidZyq5PB084XLES5TpOSRA3wjXAlIWMhum2kRcv/41Sn2emQ0dycQW4uZXLejwKvg6EsvbdlVL+FYEct7A=="
  "resolved" "https://registry.npmjs.org/yallist/-/yallist-4.0.0.tgz"
  "version" "4.0.0"
